// !$*UTF8*$!
{
	archiveVersion = 1;
	classes = {
	};
	objectVersion = 50;
	objects = {

/* Begin PBXBuildFile section */
		305048C124A212BE008F2A23 /* AppDelegate.swift in Sources */ = {isa = PBXBuildFile; fileRef = 305048C024A212BE008F2A23 /* AppDelegate.swift */; };
		305048C324A212BE008F2A23 /* SceneDelegate.swift in Sources */ = {isa = PBXBuildFile; fileRef = 305048C224A212BE008F2A23 /* SceneDelegate.swift */; };
		305048C524A212BE008F2A23 /* ViewController.swift in Sources */ = {isa = PBXBuildFile; fileRef = 305048C424A212BE008F2A23 /* ViewController.swift */; };
		305048C824A212BE008F2A23 /* Main.storyboard in Resources */ = {isa = PBXBuildFile; fileRef = 305048C624A212BE008F2A23 /* Main.storyboard */; };
		305048CB24A212BE008F2A23 /* WeatherApp_iosAcademy.xcdatamodeld in Sources */ = {isa = PBXBuildFile; fileRef = 305048C924A212BE008F2A23 /* WeatherApp_iosAcademy.xcdatamodeld */; };
		305048CD24A212C1008F2A23 /* Assets.xcassets in Resources */ = {isa = PBXBuildFile; fileRef = 305048CC24A212C1008F2A23 /* Assets.xcassets */; };
		305048D024A212C1008F2A23 /* LaunchScreen.storyboard in Resources */ = {isa = PBXBuildFile; fileRef = 305048CE24A212C1008F2A23 /* LaunchScreen.storyboard */; };
		305048DA24A22D1E008F2A23 /* WeatherTableViewCell.swift in Sources */ = {isa = PBXBuildFile; fileRef = 305048D824A22D1E008F2A23 /* WeatherTableViewCell.swift */; };
		305048DB24A22D1E008F2A23 /* WeatherTableViewCell.xib in Resources */ = {isa = PBXBuildFile; fileRef = 305048D924A22D1E008F2A23 /* WeatherTableViewCell.xib */; };
		305048DF24A22D43008F2A23 /* HourlyTableViewCell.swift in Sources */ = {isa = PBXBuildFile; fileRef = 305048DD24A22D43008F2A23 /* HourlyTableViewCell.swift */; };
		305048E024A22D43008F2A23 /* HourlyTableViewCell.xib in Resources */ = {isa = PBXBuildFile; fileRef = 305048DE24A22D43008F2A23 /* HourlyTableViewCell.xib */; };
/* End PBXBuildFile section */

/* Begin PBXFileReference section */
		305048BD24A212BE008F2A23 /* WeatherApp_iosAcademy.app */ = {isa = PBXFileReference; explicitFileType = wrapper.application; includeInIndex = 0; path = WeatherApp_iosAcademy.app; sourceTree = BUILT_PRODUCTS_DIR; };
		305048C024A212BE008F2A23 /* AppDelegate.swift */ = {isa = PBXFileReference; lastKnownFileType = sourcecode.swift; path = AppDelegate.swift; sourceTree = "<group>"; };
		305048C224A212BE008F2A23 /* SceneDelegate.swift */ = {isa = PBXFileReference; lastKnownFileType = sourcecode.swift; path = SceneDelegate.swift; sourceTree = "<group>"; };
		305048C424A212BE008F2A23 /* ViewController.swift */ = {isa = PBXFileReference; lastKnownFileType = sourcecode.swift; path = ViewController.swift; sourceTree = "<group>"; };
		305048C724A212BE008F2A23 /* Base */ = {isa = PBXFileReference; lastKnownFileType = file.storyboard; name = Base; path = Base.lproj/Main.storyboard; sourceTree = "<group>"; };
		305048CA24A212BE008F2A23 /* WeatherApp_iosAcademy.xcdatamodel */ = {isa = PBXFileReference; lastKnownFileType = wrapper.xcdatamodel; path = WeatherApp_iosAcademy.xcdatamodel; sourceTree = "<group>"; };
		305048CC24A212C1008F2A23 /* Assets.xcassets */ = {isa = PBXFileReference; lastKnownFileType = folder.assetcatalog; path = Assets.xcassets; sourceTree = "<group>"; };
		305048CF24A212C1008F2A23 /* Base */ = {isa = PBXFileReference; lastKnownFileType = file.storyboard; name = Base; path = Base.lproj/LaunchScreen.storyboard; sourceTree = "<group>"; };
		305048D124A212C1008F2A23 /* Info.plist */ = {isa = PBXFileReference; lastKnownFileType = text.plist.xml; path = Info.plist; sourceTree = "<group>"; };
		305048D824A22D1E008F2A23 /* WeatherTableViewCell.swift */ = {isa = PBXFileReference; lastKnownFileType = sourcecode.swift; path = WeatherTableViewCell.swift; sourceTree = "<group>"; };
		305048D924A22D1E008F2A23 /* WeatherTableViewCell.xib */ = {isa = PBXFileReference; lastKnownFileType = file.xib; path = WeatherTableViewCell.xib; sourceTree = "<group>"; };
		305048DD24A22D43008F2A23 /* HourlyTableViewCell.swift */ = {isa = PBXFileReference; lastKnownFileType = sourcecode.swift; path = HourlyTableViewCell.swift; sourceTree = "<group>"; };
		305048DE24A22D43008F2A23 /* HourlyTableViewCell.xib */ = {isa = PBXFileReference; lastKnownFileType = file.xib; path = HourlyTableViewCell.xib; sourceTree = "<group>"; };
/* End PBXFileReference section */

/* Begin PBXFrameworksBuildPhase section */
		305048BA24A212BE008F2A23 /* Frameworks */ = {
			isa = PBXFrameworksBuildPhase;
			buildActionMask = 2147483647;
			files = (
			);
			runOnlyForDeploymentPostprocessing = 0;
		};
/* End PBXFrameworksBuildPhase section */

/* Begin PBXGroup section */
		305048B424A212BE008F2A23 = {
			isa = PBXGroup;
			children = (
				305048BF24A212BE008F2A23 /* WeatherApp_iosAcademy */,
				305048BE24A212BE008F2A23 /* Products */,
			);
			sourceTree = "<group>";
		};
		305048BE24A212BE008F2A23 /* Products */ = {
			isa = PBXGroup;
			children = (
				305048BD24A212BE008F2A23 /* WeatherApp_iosAcademy.app */,
			);
			name = Products;
			sourceTree = "<group>";
		};
		305048BF24A212BE008F2A23 /* WeatherApp_iosAcademy */ = {
			isa = PBXGroup;
			children = (
				305048DC24A22D24008F2A23 /* HourlyTableViewCell */,
				305048D724A22CF6008F2A23 /* WeatherTableviewCell */,
				305048C024A212BE008F2A23 /* AppDelegate.swift */,
				305048C224A212BE008F2A23 /* SceneDelegate.swift */,
				305048C424A212BE008F2A23 /* ViewController.swift */,
				305048C624A212BE008F2A23 /* Main.storyboard */,
				305048CC24A212C1008F2A23 /* Assets.xcassets */,
				305048CE24A212C1008F2A23 /* LaunchScreen.storyboard */,
				305048D124A212C1008F2A23 /* Info.plist */,
				305048C924A212BE008F2A23 /* WeatherApp_iosAcademy.xcdatamodeld */,
			);
			path = WeatherApp_iosAcademy;
			sourceTree = "<group>";
		};
		305048D724A22CF6008F2A23 /* WeatherTableviewCell */ = {
			isa = PBXGroup;
			children = (
				305048D824A22D1E008F2A23 /* WeatherTableViewCell.swift */,
				305048D924A22D1E008F2A23 /* WeatherTableViewCell.xib */,
			);
			path = WeatherTableviewCell;
			sourceTree = "<group>";
		};
		305048DC24A22D24008F2A23 /* HourlyTableViewCell */ = {
			isa = PBXGroup;
			children = (
				305048DD24A22D43008F2A23 /* HourlyTableViewCell.swift */,
				305048DE24A22D43008F2A23 /* HourlyTableViewCell.xib */,
			);
			path = HourlyTableViewCell;
			sourceTree = "<group>";
		};
/* End PBXGroup section */

/* Begin PBXNativeTarget section */
		305048BC24A212BE008F2A23 /* WeatherApp_iosAcademy */ = {
			isa = PBXNativeTarget;
			buildConfigurationList = 305048D424A212C1008F2A23 /* Build configuration list for PBXNativeTarget "WeatherApp_iosAcademy" */;
			buildPhases = (
				305048B924A212BE008F2A23 /* Sources */,
				305048BA24A212BE008F2A23 /* Frameworks */,
				305048BB24A212BE008F2A23 /* Resources */,
			);
			buildRules = (
			);
			dependencies = (
			);
			name = WeatherApp_iosAcademy;
			productName = WeatherApp_iosAcademy;
			productReference = 305048BD24A212BE008F2A23 /* WeatherApp_iosAcademy.app */;
			productType = "com.apple.product-type.application";
		};
/* End PBXNativeTarget section */

/* Begin PBXProject section */
		305048B524A212BE008F2A23 /* Project object */ = {
			isa = PBXProject;
			attributes = {
				LastSwiftUpdateCheck = 1130;
				LastUpgradeCheck = 1130;
				ORGANIZATIONNAME = t;
				TargetAttributes = {
					305048BC24A212BE008F2A23 = {
						CreatedOnToolsVersion = 11.3.1;
					};
				};
			};
			buildConfigurationList = 305048B824A212BE008F2A23 /* Build configuration list for PBXProject "WeatherApp_iosAcademy" */;
			compatibilityVersion = "Xcode 9.3";
			developmentRegion = en;
			hasScannedForEncodings = 0;
			knownRegions = (
				en,
				Base,
			);
			mainGroup = 305048B424A212BE008F2A23;
			productRefGroup = 305048BE24A212BE008F2A23 /* Products */;
			projectDirPath = "";
			projectRoot = "";
			targets = (
				305048BC24A212BE008F2A23 /* WeatherApp_iosAcademy */,
			);
		};
/* End PBXProject section */

/* Begin PBXResourcesBuildPhase section */
		305048BB24A212BE008F2A23 /* Resources */ = {
			isa = PBXResourcesBuildPhase;
			buildActionMask = 2147483647;
			files = (
				305048DB24A22D1E008F2A23 /* WeatherTableViewCell.xib in Resources */,
				305048E024A22D43008F2A23 /* HourlyTableViewCell.xib in Resources */,
				305048D024A212C1008F2A23 /* LaunchScreen.storyboard in Resources */,
				305048CD24A212C1008F2A23 /* Assets.xcassets in Resources */,
				305048C824A212BE008F2A23 /* Main.storyboard in Resources */,
			);
			runOnlyForDeploymentPostprocessing = 0;
		};
/* End PBXResourcesBuildPhase section */

/* Begin PBXSourcesBuildPhase section */
		305048B924A212BE008F2A23 /* Sources */ = {
			isa = PBXSourcesBuildPhase;
			buildActionMask = 2147483647;
			files = (
				305048DA24A22D1E008F2A23 /* WeatherTableViewCell.swift in Sources */,
				305048C524A212BE008F2A23 /* ViewController.swift in Sources */,
				305048CB24A212BE008F2A23 /* WeatherApp_iosAcademy.xcdatamodeld in Sources */,
				305048C124A212BE008F2A23 /* AppDelegate.swift in Sources */,
				305048DF24A22D43008F2A23 /* HourlyTableViewCell.swift in Sources */,
				305048C324A212BE008F2A23 /* SceneDelegate.swift in Sources */,
			);
			runOnlyForDeploymentPostprocessing = 0;
		};
/* End PBXSourcesBuildPhase section */

/* Begin PBXVariantGroup section */
		305048C624A212BE008F2A23 /* Main.storyboard */ = {
			isa = PBXVariantGroup;
			children = (
				305048C724A212BE008F2A23 /* Base */,
			);
			name = Main.storyboard;
			sourceTree = "<group>";
		};
		305048CE24A212C1008F2A23 /* LaunchScreen.storyboard */ = {
			isa = PBXVariantGroup;
			children = (
				305048CF24A212C1008F2A23 /* Base */,
			);
			name = LaunchScreen.storyboard;
			sourceTree = "<group>";
		};
/* End PBXVariantGroup section */

/* Begin XCBuildConfiguration section */
		305048D224A212C1008F2A23 /* Debug */ = {
			isa = XCBuildConfiguration;
			buildSettings = {
				ALWAYS_SEARCH_USER_PATHS = NO;
				CLANG_ANALYZER_NONNULL = YES;
				CLANG_ANALYZER_NUMBER_OBJECT_CONVERSION = YES_AGGRESSIVE;
				CLANG_CXX_LANGUAGE_STANDARD = "gnu++14";
				CLANG_CXX_LIBRARY = "libc++";
				CLANG_ENABLE_MODULES = YES;
				CLANG_ENABLE_OBJC_ARC = YES;
				CLANG_ENABLE_OBJC_WEAK = YES;
				CLANG_WARN_BLOCK_CAPTURE_AUTORELEASING = YES;
				CLANG_WARN_BOOL_CONVERSION = YES;
				CLANG_WARN_COMMA = YES;
				CLANG_WARN_CONSTANT_CONVERSION = YES;
				CLANG_WARN_DEPRECATED_OBJC_IMPLEMENTATIONS = YES;
				CLANG_WARN_DIRECT_OBJC_ISA_USAGE = YES_ERROR;
				CLANG_WARN_DOCUMENTATION_COMMENTS = YES;
				CLANG_WARN_EMPTY_BODY = YES;
				CLANG_WARN_ENUM_CONVERSION = YES;
				CLANG_WARN_INFINITE_RECURSION = YES;
				CLANG_WARN_INT_CONVERSION = YES;
				CLANG_WARN_NON_LITERAL_NULL_CONVERSION = YES;
				CLANG_WARN_OBJC_IMPLICIT_RETAIN_SELF = YES;
				CLANG_WARN_OBJC_LITERAL_CONVERSION = YES;
				CLANG_WARN_OBJC_ROOT_CLASS = YES_ERROR;
				CLANG_WARN_RANGE_LOOP_ANALYSIS = YES;
				CLANG_WARN_STRICT_PROTOTYPES = YES;
				CLANG_WARN_SUSPICIOUS_MOVE = YES;
				CLANG_WARN_UNGUARDED_AVAILABILITY = YES_AGGRESSIVE;
				CLANG_WARN_UNREACHABLE_CODE = YES;
				CLANG_WARN__DUPLICATE_METHOD_MATCH = YES;
				COPY_PHASE_STRIP = NO;
				DEBUG_INFORMATION_FORMAT = dwarf;
				ENABLE_STRICT_OBJC_MSGSEND = YES;
				ENABLE_TESTABILITY = YES;
				GCC_C_LANGUAGE_STANDARD = gnu11;
				GCC_DYNAMIC_NO_PIC = NO;
				GCC_NO_COMMON_BLOCKS = YES;
				GCC_OPTIMIZATION_LEVEL = 0;
				GCC_PREPROCESSOR_DEFINITIONS = (
					"DEBUG=1",
					"$(inherited)",
				);
				GCC_WARN_64_TO_32_BIT_CONVERSION = YES;
				GCC_WARN_ABOUT_RETURN_TYPE = YES_ERROR;
				GCC_WARN_UNDECLARED_SELECTOR = YES;
				GCC_WARN_UNINITIALIZED_AUTOS = YES_AGGRESSIVE;
				GCC_WARN_UNUSED_FUNCTION = YES;
				GCC_WARN_UNUSED_VARIABLE = YES;
				IPHONEOS_DEPLOYMENT_TARGET = 13.2;
				MTL_ENABLE_DEBUG_INFO = INCLUDE_SOURCE;
				MTL_FAST_MATH = YES;
				ONLY_ACTIVE_ARCH = YES;
				SDKROOT = iphoneos;
				SWIFT_ACTIVE_COMPILATION_CONDITIONS = DEBUG;
				SWIFT_OPTIMIZATION_LEVEL = "-Onone";
			};
			name = Debug;
		};
		305048D324A212C1008F2A23 /* Release */ = {
			isa = XCBuildConfiguration;
			buildSettings = {
				ALWAYS_SEARCH_USER_PATHS = NO;
				CLANG_ANALYZER_NONNULL = YES;
				CLANG_ANALYZER_NUMBER_OBJECT_CONVERSION = YES_AGGRESSIVE;
				CLANG_CXX_LANGUAGE_STANDARD = "gnu++14";
				CLANG_CXX_LIBRARY = "libc++";
				CLANG_ENABLE_MODULES = YES;
				CLANG_ENABLE_OBJC_ARC = YES;
				CLANG_ENABLE_OBJC_WEAK = YES;
				CLANG_WARN_BLOCK_CAPTURE_AUTORELEASING = YES;
				CLANG_WARN_BOOL_CONVERSION = YES;
				CLANG_WARN_COMMA = YES;
				CLANG_WARN_CONSTANT_CONVERSION = YES;
				CLANG_WARN_DEPRECATED_OBJC_IMPLEMENTATIONS = YES;
				CLANG_WARN_DIRECT_OBJC_ISA_USAGE = YES_ERROR;
				CLANG_WARN_DOCUMENTATION_COMMENTS = YES;
				CLANG_WARN_EMPTY_BODY = YES;
				CLANG_WARN_ENUM_CONVERSION = YES;
				CLANG_WARN_INFINITE_RECURSION = YES;
				CLANG_WARN_INT_CONVERSION = YES;
				CLANG_WARN_NON_LITERAL_NULL_CONVERSION = YES;
				CLANG_WARN_OBJC_IMPLICIT_RETAIN_SELF = YES;
				CLANG_WARN_OBJC_LITERAL_CONVERSION = YES;
				CLANG_WARN_OBJC_ROOT_CLASS = YES_ERROR;
				CLANG_WARN_RANGE_LOOP_ANALYSIS = YES;
				CLANG_WARN_STRICT_PROTOTYPES = YES;
				CLANG_WARN_SUSPICIOUS_MOVE = YES;
				CLANG_WARN_UNGUARDED_AVAILABILITY = YES_AGGRESSIVE;
				CLANG_WARN_UNREACHABLE_CODE = YES;
				CLANG_WARN__DUPLICATE_METHOD_MATCH = YES;
				COPY_PHASE_STRIP = NO;
				DEBUG_INFORMATION_FORMAT = "dwarf-with-dsym";
				ENABLE_NS_ASSERTIONS = NO;
				ENABLE_STRICT_OBJC_MSGSEND = YES;
				GCC_C_LANGUAGE_STANDARD = gnu11;
				GCC_NO_COMMON_BLOCKS = YES;
				GCC_WARN_64_TO_32_BIT_CONVERSION = YES;
				GCC_WARN_ABOUT_RETURN_TYPE = YES_ERROR;
				GCC_WARN_UNDECLARED_SELECTOR = YES;
				GCC_WARN_UNINITIALIZED_AUTOS = YES_AGGRESSIVE;
				GCC_WARN_UNUSED_FUNCTION = YES;
				GCC_WARN_UNUSED_VARIABLE = YES;
				IPHONEOS_DEPLOYMENT_TARGET = 13.2;
				MTL_ENABLE_DEBUG_INFO = NO;
				MTL_FAST_MATH = YES;
				SDKROOT = iphoneos;
				SWIFT_COMPILATION_MODE = wholemodule;
				SWIFT_OPTIMIZATION_LEVEL = "-O";
				VALIDATE_PRODUCT = YES;
			};
			name = Release;
		};
		305048D524A212C1008F2A23 /* Debug */ = {
			isa = XCBuildConfiguration;
			buildSettings = {
				ASSETCATALOG_COMPILER_APPICON_NAME = AppIcon;
				CODE_SIGN_STYLE = Automatic;
				INFOPLIST_FILE = WeatherApp_iosAcademy/Info.plist;
				LD_RUNPATH_SEARCH_PATHS = (
					"$(inherited)",
					"@executable_path/Frameworks",
				);
				PRODUCT_BUNDLE_IDENTIFIER = "com.swapnil..WeatherApp-iosAcademy";
				PRODUCT_NAME = "$(TARGET_NAME)";
				SWIFT_VERSION = 5.0;
				TARGETED_DEVICE_FAMILY = "1,2";
			};
			name = Debug;
		};
		305048D624A212C1008F2A23 /* Release */ = {
			isa = XCBuildConfiguration;
			buildSettings = {
				ASSETCATALOG_COMPILER_APPICON_NAME = AppIcon;
				CODE_SIGN_STYLE = Automatic;
				INFOPLIST_FILE = WeatherApp_iosAcademy/Info.plist;
				LD_RUNPATH_SEARCH_PATHS = (
					"$(inherited)",
					"@executable_path/Frameworks",
				);
				PRODUCT_BUNDLE_IDENTIFIER = "com.swapnil..WeatherApp-iosAcademy";
				PRODUCT_NAME = "$(TARGET_NAME)";
				SWIFT_VERSION = 5.0;
				TARGETED_DEVICE_FAMILY = "1,2";
			};
			name = Release;
		};
/* End XCBuildConfiguration section */

/* Begin XCConfigurationList section */
		305048B824A212BE008F2A23 /* Build configuration list for PBXProject "WeatherApp_iosAcademy" */ = {
			isa = XCConfigurationList;
			buildConfigurations = (
				305048D224A212C1008F2A23 /* Debug */,
				305048D324A212C1008F2A23 /* Release */,
			);
			defaultConfigurationIsVisible = 0;
			defaultConfigurationName = Release;
		};
		305048D424A212C1008F2A23 /* Build configuration list for PBXNativeTarget "WeatherApp_iosAcademy" */ = {
			isa = XCConfigurationList;
			buildConfigurations = (
				305048D524A212C1008F2A23 /* Debug */,
				305048D624A212C1008F2A23 /* Release */,
			);
			defaultConfigurationIsVisible = 0;
			defaultConfigurationName = Release;
		};
/* End XCConfigurationList section */

/* Begin XCVersionGroup section */
		305048C924A212BE008F2A23 /* WeatherApp_iosAcademy.xcdatamodeld */ = {
			isa = XCVersionGroup;
			children = (
				305048CA24A212BE008F2A23 /* WeatherApp_iosAcademy.xcdatamodel */,
			);
			currentVersion = 305048CA24A212BE008F2A23 /* WeatherApp_iosAcademy.xcdatamodel */;
			path = WeatherApp_iosAcademy.xcdatamodeld;
			sourceTree = "<group>";
			versionGroupType = wrapper.xcdatamodel;
		};
/* End XCVersionGroup section */
	};
	rootObject = 305048B524A212BE008F2A23 /* Project object */;
}
